github.com/go-chi/chi/v5 v5.2.1 h1:KOIHODQj58PmL80G2Eak4WdvUzjSJSm0vG72crDCqb8=
github.com/go-chi/chi/v5 v5.2.1/go.mod h1:L2yAIGWB3H+phAw1NxKwWM+7eUH/lU8pOMm5hHcoops=
github.com/stripe/stripe-go/v82 v82.0.0 h1:xX5JcSg/WHo4D4g+/Ltlc3AqjKJWceKDxVcg0Qn+ws4=
github.com/stripe/stripe-go/v82 v82.0.0/go.mod h1:xSOOr6hyFiNWFs9KnOMeYdLrdWOPrnKV/qiTuqGYD+8=
